
Microsoft Visual Studio Solution File, Format Version 12.00
# Visual Studio 15
VisualStudioVersion = 15.0.28010.2050
MinimumVisualStudioVersion = 10.0.40219.1
Project("{2150E333-8FDC-42A3-9474-1A3956D46DE8}") = "src", "src", "{89E28046-4983-4DAB-AB44-EF627FE6477D}"
EndProject
Project("{FAE04EC0-301F-11D3-BF4B-00C04F79EFBC}") = "Stashy.Api", "src\Stashy.Api\Stashy.Api.csproj", "{8CA02DAE-1274-421C-A60D-36F0FFE50579}"
EndProject
Global
	GlobalSection(SolutionConfigurationPlatforms) = preSolution
		Debug|Any CPU = Debug|Any CPU
		Release|Any CPU = Release|Any CPU
	EndGlobalSection
	GlobalSection(ProjectConfigurationPlatforms) = postSolution
		{8CA02DAE-1274-421C-A60D-36F0FFE50579}.Debug|Any CPU.ActiveCfg = Debug|Any CPU
		{8CA02DAE-1274-421C-A60D-36F0FFE50579}.Debug|Any CPU.Build.0 = Debug|Any CPU
		{8CA02DAE-1274-421C-A60D-36F0FFE50579}.Release|Any CPU.ActiveCfg = Release|Any CPU
		{8CA02DAE-1274-421C-A60D-36F0FFE50579}.Release|Any CPU.Build.0 = Release|Any CPU
	EndGlobalSection
	GlobalSection(SolutionProperties) = preSolution
		HideSolutionNode = FALSE
	EndGlobalSection
	GlobalSection(NestedProjects) = preSolution
		{8CA02DAE-1274-421C-A60D-36F0FFE50579} = {89E28046-4983-4DAB-AB44-EF627FE6477D}
	EndGlobalSection
	GlobalSection(ExtensibilityGlobals) = postSolution
		SolutionGuid = {55B65B81-4F0B-4979-BED9-A8C2643EA354}
	EndGlobalSection
EndGlobal
